
Microsoft Visual Studio Solution File, Format Version 12.00
# Visual Studio Version 16
VisualStudioVersion = 16.0.31019.35
MinimumVisualStudioVersion = 10.0.40219.1
Project("{FAE04EC0-301F-11D3-BF4B-00C04F79EFBC}") = "LinuxI2CDS3231Example", "LinuxI2CDS3231Example.csproj", "{1AD09F12-9061-4C56-9BC3-518C383ECBA9}"
EndProject
Global
	GlobalSection(SolutionConfigurationPlatforms) = preSolution
		Debug|Any CPU = Debug|Any CPU
		Release|Any CPU = Release|Any CPU
	EndGlobalSection
	GlobalSection(ProjectConfigurationPlatforms) = postSolution
		{1AD09F12-9061-4C56-9BC3-518C383ECBA9}.Debug|Any CPU.ActiveCfg = Debug|Any CPU
		{1AD09F12-9061-4C56-9BC3-518C383ECBA9}.Debug|Any CPU.Build.0 = Debug|Any CPU
		{1AD09F12-9061-4C56-9BC3-518C383ECBA9}.Release|Any CPU.ActiveCfg = Release|Any CPU
		{1AD09F12-9061-4C56-9BC3-518C383ECBA9}.Release|Any CPU.Build.0 = Release|Any CPU
	EndGlobalSection
	GlobalSection(SolutionProperties) = preSolution
		HideSolutionNode = FALSE
	EndGlobalSection
	GlobalSection(ExtensibilityGlobals) = postSolution
		SolutionGuid = {5761302F-CDB5-426C-BE4A-E5116DF107E7}
	EndGlobalSection
EndGlobal
